
Microsoft Visual Studio Solution File, Format Version 12.00
# Visual Studio Version 17
VisualStudioVersion = 17.1.32210.238
MinimumVisualStudioVersion = 10.0.40219.1
Project("{9A19103F-16F7-4668-BE54-9A1E7A4F7556}") = "WebAPI", "WebAPI\WebAPI.csproj", "{9B67AB7F-53F6-45D5-A64B-071D8A188FA5}"
EndProject
Project("{2150E333-8FDC-42A3-9474-1A3956D46DE8}") = "JWT", "JWT", "{A9098C55-6E67-499D-80C4-5305CD3426B5}"
	ProjectSection(SolutionItems) = preProject
		AdminTokenPayload.json = AdminTokenPayload.json
		UserTokenPayload.json = UserTokenPayload.json
	EndProjectSection
EndProject
Global
	GlobalSection(SolutionConfigurationPlatforms) = preSolution
		Debug|Any CPU = Debug|Any CPU
		Release|Any CPU = Release|Any CPU
	EndGlobalSection
	GlobalSection(ProjectConfigurationPlatforms) = postSolution
		{9B67AB7F-53F6-45D5-A64B-071D8A188FA5}.Debug|Any CPU.ActiveCfg = Debug|Any CPU
		{9B67AB7F-53F6-45D5-A64B-071D8A188FA5}.Debug|Any CPU.Build.0 = Debug|Any CPU
		{9B67AB7F-53F6-45D5-A64B-071D8A188FA5}.Release|Any CPU.ActiveCfg = Release|Any CPU
		{9B67AB7F-53F6-45D5-A64B-071D8A188FA5}.Release|Any CPU.Build.0 = Release|Any CPU
	EndGlobalSection
	GlobalSection(SolutionProperties) = preSolution
		HideSolutionNode = FALSE
	EndGlobalSection
	GlobalSection(ExtensibilityGlobals) = postSolution
		SolutionGuid = {7315102E-A403-4F69-9814-B93A8D78168D}
	EndGlobalSection
EndGlobal
